
Microsoft Visual Studio Solution File, Format Version 12.00
# Visual Studio 2012
Project("{FAE04EC0-301F-11D3-BF4B-00C04F79EFBC}") = "Brainmonkey2013", "source\Brainmonkey2013.csproj", "{9E07EED7-D598-4B59-B36A-10D36E13732E}"
EndProject
Global
	GlobalSection(SolutionConfigurationPlatforms) = preSolution
		Debug|Any CPU = Debug|Any CPU
		Release|Any CPU = Release|Any CPU
	EndGlobalSection
	GlobalSection(ProjectConfigurationPlatforms) = postSolution
		{9E07EED7-D598-4B59-B36A-10D36E13732E}.Debug|Any CPU.ActiveCfg = Debug|Any CPU
		{9E07EED7-D598-4B59-B36A-10D36E13732E}.Debug|Any CPU.Build.0 = Debug|Any CPU
		{9E07EED7-D598-4B59-B36A-10D36E13732E}.Release|Any CPU.ActiveCfg = Release|Any CPU
		{9E07EED7-D598-4B59-B36A-10D36E13732E}.Release|Any CPU.Build.0 = Release|Any CPU
	EndGlobalSection
	GlobalSection(SolutionProperties) = preSolution
		HideSolutionNode = FALSE
	EndGlobalSection
EndGlobal
